
Microsoft Visual Studio Solution File, Format Version 12.00
# Visual Studio Version 17
VisualStudioVersion = 17.1.32407.343
MinimumVisualStudioVersion = 10.0.40219.1
Project("{FAE04EC0-301F-11D3-BF4B-00C04F79EFBC}") = "Scripts", "SEScripting Collection\Scripts\Scripts.csproj", "{AE8F7BC7-F38C-49E8-A230-BCC1A3CB4822}"
EndProject
Project("{9A19103F-16F7-4668-BE54-9A1E7A4F7556}") = "MagicBeans", "MagicBeans\MagicBeans.csproj", "{5A62D3C7-EB0C-4F4F-AEA0-30A14A6FFC38}"
EndProject
Global
	GlobalSection(SolutionConfigurationPlatforms) = preSolution
		Debug|Any CPU = Debug|Any CPU
		Debug|ARM = Debug|ARM
		Debug|x64 = Debug|x64
		Debug|x86 = Debug|x86
		Release|Any CPU = Release|Any CPU
		Release|ARM = Release|ARM
		Release|x64 = Release|x64
		Release|x86 = Release|x86
	EndGlobalSection
	GlobalSection(ProjectConfigurationPlatforms) = postSolution
		{AE8F7BC7-F38C-49E8-A230-BCC1A3CB4822}.Debug|Any CPU.ActiveCfg = Debug|Any CPU
		{AE8F7BC7-F38C-49E8-A230-BCC1A3CB4822}.Debug|Any CPU.Build.0 = Debug|Any CPU
		{AE8F7BC7-F38C-49E8-A230-BCC1A3CB4822}.Debug|ARM.ActiveCfg = Debug|Any CPU
		{AE8F7BC7-F38C-49E8-A230-BCC1A3CB4822}.Debug|ARM.Build.0 = Debug|Any CPU
		{AE8F7BC7-F38C-49E8-A230-BCC1A3CB4822}.Debug|x64.ActiveCfg = Debug|Any CPU
		{AE8F7BC7-F38C-49E8-A230-BCC1A3CB4822}.Debug|x64.Build.0 = Debug|Any CPU
		{AE8F7BC7-F38C-49E8-A230-BCC1A3CB4822}.Debug|x86.ActiveCfg = Debug|Any CPU
		{AE8F7BC7-F38C-49E8-A230-BCC1A3CB4822}.Debug|x86.Build.0 = Debug|Any CPU
		{AE8F7BC7-F38C-49E8-A230-BCC1A3CB4822}.Release|Any CPU.ActiveCfg = Release|Any CPU
		{AE8F7BC7-F38C-49E8-A230-BCC1A3CB4822}.Release|Any CPU.Build.0 = Release|Any CPU
		{AE8F7BC7-F38C-49E8-A230-BCC1A3CB4822}.Release|ARM.ActiveCfg = Release|Any CPU
		{AE8F7BC7-F38C-49E8-A230-BCC1A3CB4822}.Release|ARM.Build.0 = Release|Any CPU
		{AE8F7BC7-F38C-49E8-A230-BCC1A3CB4822}.Release|x64.ActiveCfg = Release|Any CPU
		{AE8F7BC7-F38C-49E8-A230-BCC1A3CB4822}.Release|x64.Build.0 = Release|Any CPU
		{AE8F7BC7-F38C-49E8-A230-BCC1A3CB4822}.Release|x86.ActiveCfg = Release|Any CPU
		{AE8F7BC7-F38C-49E8-A230-BCC1A3CB4822}.Release|x86.Build.0 = Release|Any CPU
		{5A62D3C7-EB0C-4F4F-AEA0-30A14A6FFC38}.Debug|Any CPU.ActiveCfg = Debug|Any CPU
		{5A62D3C7-EB0C-4F4F-AEA0-30A14A6FFC38}.Debug|Any CPU.Build.0 = Debug|Any CPU
		{5A62D3C7-EB0C-4F4F-AEA0-30A14A6FFC38}.Debug|ARM.ActiveCfg = Debug|Any CPU
		{5A62D3C7-EB0C-4F4F-AEA0-30A14A6FFC38}.Debug|ARM.Build.0 = Debug|Any CPU
		{5A62D3C7-EB0C-4F4F-AEA0-30A14A6FFC38}.Debug|x64.ActiveCfg = Debug|Any CPU
		{5A62D3C7-EB0C-4F4F-AEA0-30A14A6FFC38}.Debug|x64.Build.0 = Debug|Any CPU
		{5A62D3C7-EB0C-4F4F-AEA0-30A14A6FFC38}.Debug|x86.ActiveCfg = Debug|Any CPU
		{5A62D3C7-EB0C-4F4F-AEA0-30A14A6FFC38}.Debug|x86.Build.0 = Debug|Any CPU
		{5A62D3C7-EB0C-4F4F-AEA0-30A14A6FFC38}.Release|Any CPU.ActiveCfg = Release|Any CPU
		{5A62D3C7-EB0C-4F4F-AEA0-30A14A6FFC38}.Release|Any CPU.Build.0 = Release|Any CPU
		{5A62D3C7-EB0C-4F4F-AEA0-30A14A6FFC38}.Release|ARM.ActiveCfg = Release|Any CPU
		{5A62D3C7-EB0C-4F4F-AEA0-30A14A6FFC38}.Release|ARM.Build.0 = Release|Any CPU
		{5A62D3C7-EB0C-4F4F-AEA0-30A14A6FFC38}.Release|x64.ActiveCfg = Release|Any CPU
		{5A62D3C7-EB0C-4F4F-AEA0-30A14A6FFC38}.Release|x64.Build.0 = Release|Any CPU
		{5A62D3C7-EB0C-4F4F-AEA0-30A14A6FFC38}.Release|x86.ActiveCfg = Release|Any CPU
		{5A62D3C7-EB0C-4F4F-AEA0-30A14A6FFC38}.Release|x86.Build.0 = Release|Any CPU
	EndGlobalSection
	GlobalSection(SolutionProperties) = preSolution
		HideSolutionNode = FALSE
	EndGlobalSection
	GlobalSection(ExtensibilityGlobals) = postSolution
		SolutionGuid = {549378C7-626D-4A78-BB01-9BAD611E2FC7}
	EndGlobalSection
EndGlobal
