
Microsoft Visual Studio Solution File, Format Version 12.00
# Visual Studio 14
VisualStudioVersion = 14.0.25420.1
MinimumVisualStudioVersion = 10.0.40219.1
Project("{FAE04EC0-301F-11D3-BF4B-00C04F79EFBC}") = "SingleScripts", "SEScripting Collection\SingleScripts.csproj", "{76848712-DAEE-4D3D-A205-85CFA84CD1E2}"
EndProject
Project("{FAE04EC0-301F-11D3-BF4B-00C04F79EFBC}") = "MagicBeans", "MagicBeans\MagicBeans.csproj", "{876F849F-EA7D-4D1C-86E6-B6B6456B535E}"
EndProject
Global
	GlobalSection(SolutionConfigurationPlatforms) = preSolution
		Debug|Any CPU = Debug|Any CPU
		Debug|ARM = Debug|ARM
		Debug|x64 = Debug|x64
		Debug|x86 = Debug|x86
		Release|Any CPU = Release|Any CPU
		Release|ARM = Release|ARM
		Release|x64 = Release|x64
		Release|x86 = Release|x86
	EndGlobalSection
	GlobalSection(ProjectConfigurationPlatforms) = postSolution
		{76848712-DAEE-4D3D-A205-85CFA84CD1E2}.Debug|Any CPU.ActiveCfg = Debug|Any CPU
		{76848712-DAEE-4D3D-A205-85CFA84CD1E2}.Debug|Any CPU.Build.0 = Debug|Any CPU
		{76848712-DAEE-4D3D-A205-85CFA84CD1E2}.Debug|ARM.ActiveCfg = Debug|Any CPU
		{76848712-DAEE-4D3D-A205-85CFA84CD1E2}.Debug|ARM.Build.0 = Debug|Any CPU
		{76848712-DAEE-4D3D-A205-85CFA84CD1E2}.Debug|x64.ActiveCfg = Debug|Any CPU
		{76848712-DAEE-4D3D-A205-85CFA84CD1E2}.Debug|x64.Build.0 = Debug|Any CPU
		{76848712-DAEE-4D3D-A205-85CFA84CD1E2}.Debug|x86.ActiveCfg = Debug|Any CPU
		{76848712-DAEE-4D3D-A205-85CFA84CD1E2}.Debug|x86.Build.0 = Debug|Any CPU
		{76848712-DAEE-4D3D-A205-85CFA84CD1E2}.Release|Any CPU.ActiveCfg = Release|Any CPU
		{76848712-DAEE-4D3D-A205-85CFA84CD1E2}.Release|Any CPU.Build.0 = Release|Any CPU
		{76848712-DAEE-4D3D-A205-85CFA84CD1E2}.Release|ARM.ActiveCfg = Release|Any CPU
		{76848712-DAEE-4D3D-A205-85CFA84CD1E2}.Release|ARM.Build.0 = Release|Any CPU
		{76848712-DAEE-4D3D-A205-85CFA84CD1E2}.Release|x64.ActiveCfg = Release|Any CPU
		{76848712-DAEE-4D3D-A205-85CFA84CD1E2}.Release|x64.Build.0 = Release|Any CPU
		{76848712-DAEE-4D3D-A205-85CFA84CD1E2}.Release|x86.ActiveCfg = Release|Any CPU
		{76848712-DAEE-4D3D-A205-85CFA84CD1E2}.Release|x86.Build.0 = Release|Any CPU
		{876F849F-EA7D-4D1C-86E6-B6B6456B535E}.Debug|Any CPU.ActiveCfg = Debug|Any CPU
		{876F849F-EA7D-4D1C-86E6-B6B6456B535E}.Debug|Any CPU.Build.0 = Debug|Any CPU
		{876F849F-EA7D-4D1C-86E6-B6B6456B535E}.Debug|ARM.ActiveCfg = Debug|Any CPU
		{876F849F-EA7D-4D1C-86E6-B6B6456B535E}.Debug|ARM.Build.0 = Debug|Any CPU
		{876F849F-EA7D-4D1C-86E6-B6B6456B535E}.Debug|x64.ActiveCfg = Debug|Any CPU
		{876F849F-EA7D-4D1C-86E6-B6B6456B535E}.Debug|x64.Build.0 = Debug|Any CPU
		{876F849F-EA7D-4D1C-86E6-B6B6456B535E}.Debug|x86.ActiveCfg = Debug|Any CPU
		{876F849F-EA7D-4D1C-86E6-B6B6456B535E}.Debug|x86.Build.0 = Debug|Any CPU
		{876F849F-EA7D-4D1C-86E6-B6B6456B535E}.Release|Any CPU.ActiveCfg = Release|Any CPU
		{876F849F-EA7D-4D1C-86E6-B6B6456B535E}.Release|Any CPU.Build.0 = Release|Any CPU
		{876F849F-EA7D-4D1C-86E6-B6B6456B535E}.Release|ARM.ActiveCfg = Release|Any CPU
		{876F849F-EA7D-4D1C-86E6-B6B6456B535E}.Release|ARM.Build.0 = Release|Any CPU
		{876F849F-EA7D-4D1C-86E6-B6B6456B535E}.Release|x64.ActiveCfg = Release|Any CPU
		{876F849F-EA7D-4D1C-86E6-B6B6456B535E}.Release|x64.Build.0 = Release|Any CPU
		{876F849F-EA7D-4D1C-86E6-B6B6456B535E}.Release|x86.ActiveCfg = Release|Any CPU
		{876F849F-EA7D-4D1C-86E6-B6B6456B535E}.Release|x86.Build.0 = Release|Any CPU
	EndGlobalSection
	GlobalSection(SolutionProperties) = preSolution
		HideSolutionNode = FALSE
	EndGlobalSection
EndGlobal
